// !$*UTF8*$!
{
	archiveVersion = 1;
	classes = {
	};
	objectVersion = 77;
	objects = {

/* Begin PBXBuildFile section */
		0D80A0212F01234500574A17 /* AIKitProviders in Frameworks */ = {isa = PBXBuildFile; productRef = 0D80A0112F01234500574A17 /* AIKitProviders */; };
		0D80A0222F01234500574A17 /* AIKitElements in Frameworks */ = {isa = PBXBuildFile; productRef = 0D80A0122F01234500574A17 /* AIKitElements */; };
		0D80A0232F01234500574A17 /* MarkdownUI in Frameworks */ = {isa = PBXBuildFile; productRef = 0D80A0132F01234500574A17 /* MarkdownUI */; };
		0D80A0242F01234500574A17 /* AIKitOpenRouter in Frameworks */ = {isa = PBXBuildFile; productRef = 0D80A0142F01234500574A17 /* AIKitOpenRouter */; };
/* End PBXBuildFile section */

/* Begin PBXContainerItemProxy section */
		0D801BFA2F00FD2800574A17 /* PBXContainerItemProxy */ = {
			isa = PBXContainerItemProxy;
			containerPortal = 0D801BDB2F00FD2600574A17 /* Project object */;
			proxyType = 1;
			remoteGlobalIDString = 0D801BE22F00FD2600574A17;
			remoteInfo = DemoUIKit;
		};
		0D801C042F00FD2800574A17 /* PBXContainerItemProxy */ = {
			isa = PBXContainerItemProxy;
			containerPortal = 0D801BDB2F00FD2600574A17 /* Project object */;
			proxyType = 1;
			remoteGlobalIDString = 0D801BE22F00FD2600574A17;
			remoteInfo = DemoUIKit;
		};
/* End PBXContainerItemProxy section */

/* Begin PBXFileReference section */
		0D801BE32F00FD2600574A17 /* DemoUIKit.app */ = {isa = PBXFileReference; explicitFileType = wrapper.application; includeInIndex = 0; path = DemoUIKit.app; sourceTree = BUILT_PRODUCTS_DIR; };
		0D801BF92F00FD2800574A17 /* DemoUIKitTests.xctest */ = {isa = PBXFileReference; explicitFileType = wrapper.cfbundle; includeInIndex = 0; path = DemoUIKitTests.xctest; sourceTree = BUILT_PRODUCTS_DIR; };
		0D801C032F00FD2800574A17 /* DemoUIKitUITests.xctest */ = {isa = PBXFileReference; explicitFileType = wrapper.cfbundle; includeInIndex = 0; path = DemoUIKitUITests.xctest; sourceTree = BUILT_PRODUCTS_DIR; };
/* End PBXFileReference section */

/* Begin PBXFileSystemSynchronizedBuildFileExceptionSet section */
		0D801C0B2F00FD2800574A17 /* Exceptions for "DemoUIKit" folder in "DemoUIKit" target */ = {
			isa = PBXFileSystemSynchronizedBuildFileExceptionSet;
			membershipExceptions = (
				Info.plist,
			);
			target = 0D801BE22F00FD2600574A17 /* DemoUIKit */;
		};
/* End PBXFileSystemSynchronizedBuildFileExceptionSet section */

/* Begin PBXFileSystemSynchronizedRootGroup section */
		0D801BE52F00FD2600574A17 /* DemoUIKit */ = {
			isa = PBXFileSystemSynchronizedRootGroup;
			exceptions = (
				0D801C0B2F00FD2800574A17 /* Exceptions for "DemoUIKit" folder in "DemoUIKit" target */,
			);
			path = DemoUIKit;
			sourceTree = "<group>";
		};
		0D801BFC2F00FD2800574A17 /* DemoUIKitTests */ = {
			isa = PBXFileSystemSynchronizedRootGroup;
			path = DemoUIKitTests;
			sourceTree = "<group>";
		};
		0D801C062F00FD2800574A17 /* DemoUIKitUITests */ = {
			isa = PBXFileSystemSynchronizedRootGroup;
			path = DemoUIKitUITests;
			sourceTree = "<group>";
		};
/* End PBXFileSystemSynchronizedRootGroup section */

/* Begin PBXFrameworksBuildPhase section */
		0D801BE02F00FD2600574A17 /* Frameworks */ = {
			isa = PBXFrameworksBuildPhase;
			buildActionMask = 2147483647;
			files = (
				0D80A0212F01234500574A17 /* AIKitProviders in Frameworks */,
				0D80A0222F01234500574A17 /* AIKitElements in Frameworks */,
				0D80A0242F01234500574A17 /* AIKitOpenRouter in Frameworks */,
				0D80A0232F01234500574A17 /* MarkdownUI in Frameworks */,
			);
			runOnlyForDeploymentPostprocessing = 0;
		};
		0D801BF62F00FD2800574A17 /* Frameworks */ = {
			isa = PBXFrameworksBuildPhase;
			buildActionMask = 2147483647;
			files = (
			);
			runOnlyForDeploymentPostprocessing = 0;
		};
		0D801C002F00FD2800574A17 /* Frameworks */ = {
			isa = PBXFrameworksBuildPhase;
			buildActionMask = 2147483647;
			files = (
			);
			runOnlyForDeploymentPostprocessing = 0;
		};
/* End PBXFrameworksBuildPhase section */

/* Begin PBXGroup section */
		0D801BDA2F00FD2600574A17 = {
			isa = PBXGroup;
			children = (
				0D801BE52F00FD2600574A17 /* DemoUIKit */,
				0D801BFC2F00FD2800574A17 /* DemoUIKitTests */,
				0D801C062F00FD2800574A17 /* DemoUIKitUITests */,
				0D801BE42F00FD2600574A17 /* Products */,
			);
			sourceTree = "<group>";
		};
		0D801BE42F00FD2600574A17 /* Products */ = {
			isa = PBXGroup;
			children = (
				0D801BE32F00FD2600574A17 /* DemoUIKit.app */,
				0D801BF92F00FD2800574A17 /* DemoUIKitTests.xctest */,
				0D801C032F00FD2800574A17 /* DemoUIKitUITests.xctest */,
			);
			name = Products;
			sourceTree = "<group>";
		};
/* End PBXGroup section */

/* Begin PBXNativeTarget section */
		0D801BE22F00FD2600574A17 /* DemoUIKit */ = {
			isa = PBXNativeTarget;
			buildConfigurationList = 0D801C0C2F00FD2800574A17 /* Build configuration list for PBXNativeTarget "DemoUIKit" */;
			buildPhases = (
				0D801BDF2F00FD2600574A17 /* Sources */,
				0D801BE02F00FD2600574A17 /* Frameworks */,
				0D801BE12F00FD2600574A17 /* Resources */,
			);
			buildRules = (
			);
			dependencies = (
			);
			fileSystemSynchronizedGroups = (
				0D801BE52F00FD2600574A17 /* DemoUIKit */,
			);
			name = DemoUIKit;
			packageProductDependencies = (
				0D80A0112F01234500574A17 /* AIKitProviders */,
				0D80A0122F01234500574A17 /* AIKitElements */,
				0D80A0142F01234500574A17 /* AIKitOpenRouter */,
				0D80A0132F01234500574A17 /* MarkdownUI */,
			);
			productName = DemoUIKit;
			productReference = 0D801BE32F00FD2600574A17 /* DemoUIKit.app */;
			productType = "com.apple.product-type.application";
		};
		0D801BF82F00FD2800574A17 /* DemoUIKitTests */ = {
			isa = PBXNativeTarget;
			buildConfigurationList = 0D801C112F00FD2800574A17 /* Build configuration list for PBXNativeTarget "DemoUIKitTests" */;
			buildPhases = (
				0D801BF52F00FD2800574A17 /* Sources */,
				0D801BF62F00FD2800574A17 /* Frameworks */,
				0D801BF72F00FD2800574A17 /* Resources */,
			);
			buildRules = (
			);
			dependencies = (
				0D801BFB2F00FD2800574A17 /* PBXTargetDependency */,
			);
			fileSystemSynchronizedGroups = (
				0D801BFC2F00FD2800574A17 /* DemoUIKitTests */,
			);
			name = DemoUIKitTests;
			packageProductDependencies = (
			);
			productName = DemoUIKitTests;
			productReference = 0D801BF92F00FD2800574A17 /* DemoUIKitTests.xctest */;
			productType = "com.apple.product-type.bundle.unit-test";
		};
		0D801C022F00FD2800574A17 /* DemoUIKitUITests */ = {
			isa = PBXNativeTarget;
			buildConfigurationList = 0D801C142F00FD2800574A17 /* Build configuration list for PBXNativeTarget "DemoUIKitUITests" */;
			buildPhases = (
				0D801BFF2F00FD2800574A17 /* Sources */,
				0D801C002F00FD2800574A17 /* Frameworks */,
				0D801C012F00FD2800574A17 /* Resources */,
			);
			buildRules = (
			);
			dependencies = (
				0D801C052F00FD2800574A17 /* PBXTargetDependency */,
			);
			fileSystemSynchronizedGroups = (
				0D801C062F00FD2800574A17 /* DemoUIKitUITests */,
			);
			name = DemoUIKitUITests;
			packageProductDependencies = (
			);
			productName = DemoUIKitUITests;
			productReference = 0D801C032F00FD2800574A17 /* DemoUIKitUITests.xctest */;
			productType = "com.apple.product-type.bundle.ui-testing";
		};
/* End PBXNativeTarget section */

/* Begin PBXProject section */
		0D801BDB2F00FD2600574A17 /* Project object */ = {
			isa = PBXProject;
			attributes = {
				BuildIndependentTargetsInParallel = 1;
				LastSwiftUpdateCheck = 2600;
				LastUpgradeCheck = 2600;
				TargetAttributes = {
					0D801BE22F00FD2600574A17 = {
						CreatedOnToolsVersion = 26.0.1;
					};
					0D801BF82F00FD2800574A17 = {
						CreatedOnToolsVersion = 26.0.1;
						TestTargetID = 0D801BE22F00FD2600574A17;
					};
					0D801C022F00FD2800574A17 = {
						CreatedOnToolsVersion = 26.0.1;
						TestTargetID = 0D801BE22F00FD2600574A17;
					};
				};
			};
			buildConfigurationList = 0D801BDE2F00FD2600574A17 /* Build configuration list for PBXProject "DemoUIKit" */;
			developmentRegion = en;
			hasScannedForEncodings = 0;
			knownRegions = (
				en,
				Base,
			);
			mainGroup = 0D801BDA2F00FD2600574A17;
			minimizedProjectReferenceProxies = 1;
			packageReferences = (
				0D80A0002F01234500574A17 /* XCLocalSwiftPackageReference "../../../ai-kit" */,
				0D80A0012F01234500574A17 /* XCRemoteSwiftPackageReference "swift-markdown-ui" */,
			);
			preferredProjectObjectVersion = 77;
			productRefGroup = 0D801BE42F00FD2600574A17 /* Products */;
			projectDirPath = "";
			projectRoot = "";
			targets = (
				0D801BE22F00FD2600574A17 /* DemoUIKit */,
				0D801BF82F00FD2800574A17 /* DemoUIKitTests */,
				0D801C022F00FD2800574A17 /* DemoUIKitUITests */,
			);
		};
/* End PBXProject section */

/* Begin PBXResourcesBuildPhase section */
		0D801BE12F00FD2600574A17 /* Resources */ = {
			isa = PBXResourcesBuildPhase;
			buildActionMask = 2147483647;
			files = (
			);
			runOnlyForDeploymentPostprocessing = 0;
		};
		0D801BF72F00FD2800574A17 /* Resources */ = {
			isa = PBXResourcesBuildPhase;
			buildActionMask = 2147483647;
			files = (
			);
			runOnlyForDeploymentPostprocessing = 0;
		};
		0D801C012F00FD2800574A17 /* Resources */ = {
			isa = PBXResourcesBuildPhase;
			buildActionMask = 2147483647;
			files = (
			);
			runOnlyForDeploymentPostprocessing = 0;
		};
/* End PBXResourcesBuildPhase section */

/* Begin PBXSourcesBuildPhase section */
		0D801BDF2F00FD2600574A17 /* Sources */ = {
			isa = PBXSourcesBuildPhase;
			buildActionMask = 2147483647;
			files = (
			);
			runOnlyForDeploymentPostprocessing = 0;
		};
		0D801BF52F00FD2800574A17 /* Sources */ = {
			isa = PBXSourcesBuildPhase;
			buildActionMask = 2147483647;
			files = (
			);
			runOnlyForDeploymentPostprocessing = 0;
		};
		0D801BFF2F00FD2800574A17 /* Sources */ = {
			isa = PBXSourcesBuildPhase;
			buildActionMask = 2147483647;
			files = (
			);
			runOnlyForDeploymentPostprocessing = 0;
		};
/* End PBXSourcesBuildPhase section */

/* Begin PBXTargetDependency section */
		0D801BFB2F00FD2800574A17 /* PBXTargetDependency */ = {
			isa = PBXTargetDependency;
			target = 0D801BE22F00FD2600574A17 /* DemoUIKit */;
			targetProxy = 0D801BFA2F00FD2800574A17 /* PBXContainerItemProxy */;
		};
		0D801C052F00FD2800574A17 /* PBXTargetDependency */ = {
			isa = PBXTargetDependency;
			target = 0D801BE22F00FD2600574A17 /* DemoUIKit */;
			targetProxy = 0D801C042F00FD2800574A17 /* PBXContainerItemProxy */;
		};
/* End PBXTargetDependency section */

/* Begin XCBuildConfiguration section */
		0D801C0D2F00FD2800574A17 /* Debug */ = {
			isa = XCBuildConfiguration;
			buildSettings = {
				ASSETCATALOG_COMPILER_APPICON_NAME = AppIcon;
				ASSETCATALOG_COMPILER_GLOBAL_ACCENT_COLOR_NAME = AccentColor;
				CODE_SIGN_STYLE = Automatic;
				CURRENT_PROJECT_VERSION = 1;
				DEVELOPMENT_TEAM = JK9795ABDG;
				GENERATE_INFOPLIST_FILE = YES;
				INFOPLIST_FILE = DemoUIKit/Info.plist;
				INFOPLIST_KEY_UIApplicationSupportsIndirectInputEvents = YES;
				INFOPLIST_KEY_UILaunchStoryboardName = LaunchScreen;
				INFOPLIST_KEY_UIMainStoryboardFile = Main;
				INFOPLIST_KEY_UISupportedInterfaceOrientations_iPad = "UIInterfaceOrientationPortrait UIInterfaceOrientationPortraitUpsideDown UIInterfaceOrientationLandscapeLeft UIInterfaceOrientationLandscapeRight";
				INFOPLIST_KEY_UISupportedInterfaceOrientations_iPhone = "UIInterfaceOrientationPortrait UIInterfaceOrientationLandscapeLeft UIInterfaceOrientationLandscapeRight";
				LD_RUNPATH_SEARCH_PATHS = (
					"$(inherited)",
					"@executable_path/Frameworks",
				);
				MARKETING_VERSION = 1.0;
				PRODUCT_BUNDLE_IDENTIFIER = com.fontecha.DemoUIKit;
				PRODUCT_NAME = "$(TARGET_NAME)";
				STRING_CATALOG_GENERATE_SYMBOLS = YES;
				SWIFT_APPROACHABLE_CONCURRENCY = YES;
				SWIFT_DEFAULT_ACTOR_ISOLATION = MainActor;
				SWIFT_EMIT_LOC_STRINGS = YES;
				SWIFT_UPCOMING_FEATURE_MEMBER_IMPORT_VISIBILITY = YES;
				SWIFT_VERSION = 5.0;
				TARGETED_DEVICE_FAMILY = "1,2";
			};
			name = Debug;
		};
		0D801C0E2F00FD2800574A17 /* Release */ = {
			isa = XCBuildConfiguration;
			buildSettings = {
				ASSETCATALOG_COMPILER_APPICON_NAME = AppIcon;
				ASSETCATALOG_COMPILER_GLOBAL_ACCENT_COLOR_NAME = AccentColor;
				CODE_SIGN_STYLE = Automatic;
				CURRENT_PROJECT_VERSION = 1;
				DEVELOPMENT_TEAM = JK9795ABDG;
				GENERATE_INFOPLIST_FILE = YES;
				INFOPLIST_FILE = DemoUIKit/Info.plist;
				INFOPLIST_KEY_UIApplicationSupportsIndirectInputEvents = YES;
				INFOPLIST_KEY_UILaunchStoryboardName = LaunchScreen;
				INFOPLIST_KEY_UIMainStoryboardFile = Main;
				INFOPLIST_KEY_UISupportedInterfaceOrientations_iPad = "UIInterfaceOrientationPortrait UIInterfaceOrientationPortraitUpsideDown UIInterfaceOrientationLandscapeLeft UIInterfaceOrientationLandscapeRight";
				INFOPLIST_KEY_UISupportedInterfaceOrientations_iPhone = "UIInterfaceOrientationPortrait UIInterfaceOrientationLandscapeLeft UIInterfaceOrientationLandscapeRight";
				LD_RUNPATH_SEARCH_PATHS = (
					"$(inherited)",
					"@executable_path/Frameworks",
				);
				MARKETING_VERSION = 1.0;
				PRODUCT_BUNDLE_IDENTIFIER = com.fontecha.DemoUIKit;
				PRODUCT_NAME = "$(TARGET_NAME)";
				STRING_CATALOG_GENERATE_SYMBOLS = YES;
				SWIFT_APPROACHABLE_CONCURRENCY = YES;
				SWIFT_DEFAULT_ACTOR_ISOLATION = MainActor;
				SWIFT_EMIT_LOC_STRINGS = YES;
				SWIFT_UPCOMING_FEATURE_MEMBER_IMPORT_VISIBILITY = YES;
				SWIFT_VERSION = 5.0;
				TARGETED_DEVICE_FAMILY = "1,2";
			};
			name = Release;
		};
		0D801C0F2F00FD2800574A17 /* Debug */ = {
			isa = XCBuildConfiguration;
			buildSettings = {
				ALWAYS_SEARCH_USER_PATHS = NO;
				ASSETCATALOG_COMPILER_GENERATE_SWIFT_ASSET_SYMBOL_EXTENSIONS = YES;
				CLANG_ANALYZER_NONNULL = YES;
				CLANG_ANALYZER_NUMBER_OBJECT_CONVERSION = YES_AGGRESSIVE;
				CLANG_CXX_LANGUAGE_STANDARD = "gnu++20";
				CLANG_ENABLE_MODULES = YES;
				CLANG_ENABLE_OBJC_ARC = YES;
				CLANG_ENABLE_OBJC_WEAK = YES;
				CLANG_WARN_BLOCK_CAPTURE_AUTORELEASING = YES;
				CLANG_WARN_BOOL_CONVERSION = YES;
				CLANG_WARN_COMMA = YES;
				CLANG_WARN_CONSTANT_CONVERSION = YES;
				CLANG_WARN_DEPRECATED_OBJC_IMPLEMENTATIONS = YES;
				CLANG_WARN_DIRECT_OBJC_ISA_USAGE = YES_ERROR;
				CLANG_WARN_DOCUMENTATION_COMMENTS = YES;
				CLANG_WARN_EMPTY_BODY = YES;
				CLANG_WARN_ENUM_CONVERSION = YES;
				CLANG_WARN_INFINITE_RECURSION = YES;
				CLANG_WARN_INT_CONVERSION = YES;
				CLANG_WARN_NON_LITERAL_NULL_CONVERSION = YES;
				CLANG_WARN_OBJC_IMPLICIT_RETAIN_SELF = YES;
				CLANG_WARN_OBJC_LITERAL_CONVERSION = YES;
				CLANG_WARN_OBJC_ROOT_CLASS = YES_ERROR;
				CLANG_WARN_QUOTED_INCLUDE_IN_FRAMEWORK_HEADER = YES;
				CLANG_WARN_RANGE_LOOP_ANALYSIS = YES;
				CLANG_WARN_STRICT_PROTOTYPES = YES;
				CLANG_WARN_SUSPICIOUS_MOVE = YES;
				CLANG_WARN_UNGUARDED_AVAILABILITY = YES_AGGRESSIVE;
				CLANG_WARN_UNREACHABLE_CODE = YES;
				CLANG_WARN__DUPLICATE_METHOD_MATCH = YES;
				COPY_PHASE_STRIP = NO;
				DEBUG_INFORMATION_FORMAT = dwarf;
				DEVELOPMENT_TEAM = JK9795ABDG;
				ENABLE_STRICT_OBJC_MSGSEND = YES;
				ENABLE_TESTABILITY = YES;
				ENABLE_USER_SCRIPT_SANDBOXING = YES;
				GCC_C_LANGUAGE_STANDARD = gnu17;
				GCC_DYNAMIC_NO_PIC = NO;
				GCC_NO_COMMON_BLOCKS = YES;
				GCC_OPTIMIZATION_LEVEL = 0;
				GCC_PREPROCESSOR_DEFINITIONS = (
					"DEBUG=1",
					"$(inherited)",
				);
				GCC_WARN_64_TO_32_BIT_CONVERSION = YES;
				GCC_WARN_ABOUT_RETURN_TYPE = YES_ERROR;
				GCC_WARN_UNDECLARED_SELECTOR = YES;
				GCC_WARN_UNINITIALIZED_AUTOS = YES_AGGRESSIVE;
				GCC_WARN_UNUSED_FUNCTION = YES;
				GCC_WARN_UNUSED_VARIABLE = YES;
				IPHONEOS_DEPLOYMENT_TARGET = 26.0;
				LOCALIZATION_PREFERS_STRING_CATALOGS = YES;
				MTL_ENABLE_DEBUG_INFO = INCLUDE_SOURCE;
				MTL_FAST_MATH = YES;
				ONLY_ACTIVE_ARCH = YES;
				SDKROOT = iphoneos;
				SWIFT_ACTIVE_COMPILATION_CONDITIONS = "DEBUG $(inherited)";
				SWIFT_OPTIMIZATION_LEVEL = "-Onone";
			};
			name = Debug;
		};
		0D801C102F00FD2800574A17 /* Release */ = {
			isa = XCBuildConfiguration;
			buildSettings = {
				ALWAYS_SEARCH_USER_PATHS = NO;
				ASSETCATALOG_COMPILER_GENERATE_SWIFT_ASSET_SYMBOL_EXTENSIONS = YES;
				CLANG_ANALYZER_NONNULL = YES;
				CLANG_ANALYZER_NUMBER_OBJECT_CONVERSION = YES_AGGRESSIVE;
				CLANG_CXX_LANGUAGE_STANDARD = "gnu++20";
				CLANG_ENABLE_MODULES = YES;
				CLANG_ENABLE_OBJC_ARC = YES;
				CLANG_ENABLE_OBJC_WEAK = YES;
				CLANG_WARN_BLOCK_CAPTURE_AUTORELEASING = YES;
				CLANG_WARN_BOOL_CONVERSION = YES;
				CLANG_WARN_COMMA = YES;
				CLANG_WARN_CONSTANT_CONVERSION = YES;
				CLANG_WARN_DEPRECATED_OBJC_IMPLEMENTATIONS = YES;
				CLANG_WARN_DIRECT_OBJC_ISA_USAGE = YES_ERROR;
				CLANG_WARN_DOCUMENTATION_COMMENTS = YES;
				CLANG_WARN_EMPTY_BODY = YES;
				CLANG_WARN_ENUM_CONVERSION = YES;
				CLANG_WARN_INFINITE_RECURSION = YES;
				CLANG_WARN_INT_CONVERSION = YES;
				CLANG_WARN_NON_LITERAL_NULL_CONVERSION = YES;
				CLANG_WARN_OBJC_IMPLICIT_RETAIN_SELF = YES;
				CLANG_WARN_OBJC_LITERAL_CONVERSION = YES;
				CLANG_WARN_OBJC_ROOT_CLASS = YES_ERROR;
				CLANG_WARN_QUOTED_INCLUDE_IN_FRAMEWORK_HEADER = YES;
				CLANG_WARN_RANGE_LOOP_ANALYSIS = YES;
				CLANG_WARN_STRICT_PROTOTYPES = YES;
				CLANG_WARN_SUSPICIOUS_MOVE = YES;
				CLANG_WARN_UNGUARDED_AVAILABILITY = YES_AGGRESSIVE;
				CLANG_WARN_UNREACHABLE_CODE = YES;
				CLANG_WARN__DUPLICATE_METHOD_MATCH = YES;
				COPY_PHASE_STRIP = NO;
				DEBUG_INFORMATION_FORMAT = "dwarf-with-dsym";
				DEVELOPMENT_TEAM = JK9795ABDG;
				ENABLE_NS_ASSERTIONS = NO;
				ENABLE_STRICT_OBJC_MSGSEND = YES;
				ENABLE_USER_SCRIPT_SANDBOXING = YES;
				GCC_C_LANGUAGE_STANDARD = gnu17;
				GCC_NO_COMMON_BLOCKS = YES;
				GCC_WARN_64_TO_32_BIT_CONVERSION = YES;
				GCC_WARN_ABOUT_RETURN_TYPE = YES_ERROR;
				GCC_WARN_UNDECLARED_SELECTOR = YES;
				GCC_WARN_UNINITIALIZED_AUTOS = YES_AGGRESSIVE;
				GCC_WARN_UNUSED_FUNCTION = YES;
				GCC_WARN_UNUSED_VARIABLE = YES;
				IPHONEOS_DEPLOYMENT_TARGET = 26.0;
				LOCALIZATION_PREFERS_STRING_CATALOGS = YES;
				MTL_ENABLE_DEBUG_INFO = NO;
				MTL_FAST_MATH = YES;
				SDKROOT = iphoneos;
				SWIFT_COMPILATION_MODE = wholemodule;
				VALIDATE_PRODUCT = YES;
			};
			name = Release;
		};
		0D801C122F00FD2800574A17 /* Debug */ = {
			isa = XCBuildConfiguration;
			buildSettings = {
				BUNDLE_LOADER = "$(TEST_HOST)";
				CODE_SIGN_STYLE = Automatic;
				CURRENT_PROJECT_VERSION = 1;
				DEVELOPMENT_TEAM = JK9795ABDG;
				GENERATE_INFOPLIST_FILE = YES;
				IPHONEOS_DEPLOYMENT_TARGET = 26.0;
				MARKETING_VERSION = 1.0;
				PRODUCT_BUNDLE_IDENTIFIER = com.fontecha.DemoUIKitTests;
				PRODUCT_NAME = "$(TARGET_NAME)";
				STRING_CATALOG_GENERATE_SYMBOLS = NO;
				SWIFT_APPROACHABLE_CONCURRENCY = YES;
				SWIFT_EMIT_LOC_STRINGS = NO;
				SWIFT_UPCOMING_FEATURE_MEMBER_IMPORT_VISIBILITY = YES;
				SWIFT_VERSION = 5.0;
				TARGETED_DEVICE_FAMILY = "1,2";
				TEST_HOST = "$(BUILT_PRODUCTS_DIR)/DemoUIKit.app/$(BUNDLE_EXECUTABLE_FOLDER_PATH)/DemoUIKit";
			};
			name = Debug;
		};
		0D801C132F00FD2800574A17 /* Release */ = {
			isa = XCBuildConfiguration;
			buildSettings = {
				BUNDLE_LOADER = "$(TEST_HOST)";
				CODE_SIGN_STYLE = Automatic;
				CURRENT_PROJECT_VERSION = 1;
				DEVELOPMENT_TEAM = JK9795ABDG;
				GENERATE_INFOPLIST_FILE = YES;
				IPHONEOS_DEPLOYMENT_TARGET = 26.0;
				MARKETING_VERSION = 1.0;
				PRODUCT_BUNDLE_IDENTIFIER = com.fontecha.DemoUIKitTests;
				PRODUCT_NAME = "$(TARGET_NAME)";
				STRING_CATALOG_GENERATE_SYMBOLS = NO;
				SWIFT_APPROACHABLE_CONCURRENCY = YES;
				SWIFT_EMIT_LOC_STRINGS = NO;
				SWIFT_UPCOMING_FEATURE_MEMBER_IMPORT_VISIBILITY = YES;
				SWIFT_VERSION = 5.0;
				TARGETED_DEVICE_FAMILY = "1,2";
				TEST_HOST = "$(BUILT_PRODUCTS_DIR)/DemoUIKit.app/$(BUNDLE_EXECUTABLE_FOLDER_PATH)/DemoUIKit";
			};
			name = Release;
		};
		0D801C152F00FD2800574A17 /* Debug */ = {
			isa = XCBuildConfiguration;
			buildSettings = {
				CODE_SIGN_STYLE = Automatic;
				CURRENT_PROJECT_VERSION = 1;
				DEVELOPMENT_TEAM = JK9795ABDG;
				GENERATE_INFOPLIST_FILE = YES;
				MARKETING_VERSION = 1.0;
				PRODUCT_BUNDLE_IDENTIFIER = com.fontecha.DemoUIKitUITests;
				PRODUCT_NAME = "$(TARGET_NAME)";
				STRING_CATALOG_GENERATE_SYMBOLS = NO;
				SWIFT_APPROACHABLE_CONCURRENCY = YES;
				SWIFT_EMIT_LOC_STRINGS = NO;
				SWIFT_UPCOMING_FEATURE_MEMBER_IMPORT_VISIBILITY = YES;
				SWIFT_VERSION = 5.0;
				TARGETED_DEVICE_FAMILY = "1,2";
				TEST_TARGET_NAME = DemoUIKit;
			};
			name = Debug;
		};
		0D801C162F00FD2800574A17 /* Release */ = {
			isa = XCBuildConfiguration;
			buildSettings = {
				CODE_SIGN_STYLE = Automatic;
				CURRENT_PROJECT_VERSION = 1;
				DEVELOPMENT_TEAM = JK9795ABDG;
				GENERATE_INFOPLIST_FILE = YES;
				MARKETING_VERSION = 1.0;
				PRODUCT_BUNDLE_IDENTIFIER = com.fontecha.DemoUIKitUITests;
				PRODUCT_NAME = "$(TARGET_NAME)";
				STRING_CATALOG_GENERATE_SYMBOLS = NO;
				SWIFT_APPROACHABLE_CONCURRENCY = YES;
				SWIFT_EMIT_LOC_STRINGS = NO;
				SWIFT_UPCOMING_FEATURE_MEMBER_IMPORT_VISIBILITY = YES;
				SWIFT_VERSION = 5.0;
				TARGETED_DEVICE_FAMILY = "1,2";
				TEST_TARGET_NAME = DemoUIKit;
			};
			name = Release;
		};
/* End XCBuildConfiguration section */

/* Begin XCConfigurationList section */
		0D801BDE2F00FD2600574A17 /* Build configuration list for PBXProject "DemoUIKit" */ = {
			isa = XCConfigurationList;
			buildConfigurations = (
				0D801C0F2F00FD2800574A17 /* Debug */,
				0D801C102F00FD2800574A17 /* Release */,
			);
			defaultConfigurationIsVisible = 0;
			defaultConfigurationName = Release;
		};
		0D801C0C2F00FD2800574A17 /* Build configuration list for PBXNativeTarget "DemoUIKit" */ = {
			isa = XCConfigurationList;
			buildConfigurations = (
				0D801C0D2F00FD2800574A17 /* Debug */,
				0D801C0E2F00FD2800574A17 /* Release */,
			);
			defaultConfigurationIsVisible = 0;
			defaultConfigurationName = Release;
		};
		0D801C112F00FD2800574A17 /* Build configuration list for PBXNativeTarget "DemoUIKitTests" */ = {
			isa = XCConfigurationList;
			buildConfigurations = (
				0D801C122F00FD2800574A17 /* Debug */,
				0D801C132F00FD2800574A17 /* Release */,
			);
			defaultConfigurationIsVisible = 0;
			defaultConfigurationName = Release;
		};
		0D801C142F00FD2800574A17 /* Build configuration list for PBXNativeTarget "DemoUIKitUITests" */ = {
			isa = XCConfigurationList;
			buildConfigurations = (
				0D801C152F00FD2800574A17 /* Debug */,
				0D801C162F00FD2800574A17 /* Release */,
			);
			defaultConfigurationIsVisible = 0;
			defaultConfigurationName = Release;
		};
/* End XCConfigurationList section */

/* Begin XCLocalSwiftPackageReference section */
		0D80A0002F01234500574A17 /* XCLocalSwiftPackageReference "../../../ai-kit" */ = {
			isa = XCLocalSwiftPackageReference;
			relativePath = "../../../ai-kit";
		};
/* End XCLocalSwiftPackageReference section */

/* Begin XCRemoteSwiftPackageReference section */
		0D80A0012F01234500574A17 /* XCRemoteSwiftPackageReference "swift-markdown-ui" */ = {
			isa = XCRemoteSwiftPackageReference;
			repositoryURL = "https://github.com/gonzalezreal/swift-markdown-ui.git";
			requirement = {
				kind = upToNextMajorVersion;
				minimumVersion = 2.4.1;
			};
		};
/* End XCRemoteSwiftPackageReference section */

/* Begin XCSwiftPackageProductDependency section */
		0D80A0112F01234500574A17 /* AIKitProviders */ = {
			isa = XCSwiftPackageProductDependency;
			package = 0D80A0002F01234500574A17 /* XCLocalSwiftPackageReference "../../../ai-kit" */;
			productName = AIKitProviders;
		};
		0D80A0122F01234500574A17 /* AIKitElements */ = {
			isa = XCSwiftPackageProductDependency;
			package = 0D80A0002F01234500574A17 /* XCLocalSwiftPackageReference "../../../ai-kit" */;
			productName = AIKitElements;
		};
		0D80A0132F01234500574A17 /* MarkdownUI */ = {
			isa = XCSwiftPackageProductDependency;
			package = 0D80A0012F01234500574A17 /* XCRemoteSwiftPackageReference "swift-markdown-ui" */;
			productName = MarkdownUI;
		};
		0D80A0142F01234500574A17 /* AIKitOpenRouter */ = {
			isa = XCSwiftPackageProductDependency;
			package = 0D80A0002F01234500574A17 /* XCLocalSwiftPackageReference "../../../ai-kit" */;
			productName = AIKitOpenRouter;
		};
/* End XCSwiftPackageProductDependency section */
	};
	rootObject = 0D801BDB2F00FD2600574A17 /* Project object */;
}
